
Microsoft Visual Studio Solution File, Format Version 12.00
# Visual Studio Version 16
VisualStudioVersion = 16.0.31005.135
MinimumVisualStudioVersion = 10.0.40219.1
Project("{FAE04EC0-301F-11D3-BF4B-00C04F79EFBC}") = "Project40-API-Dot-NET", "Project40-API-Dot-NET\Project40-API-Dot-NET.csproj", "{4F4E9DC8-704F-4376-827E-137B0078AD1B}"
EndProject
Global
	GlobalSection(SolutionConfigurationPlatforms) = preSolution
		Debug|Any CPU = Debug|Any CPU
		Release|Any CPU = Release|Any CPU
	EndGlobalSection
	GlobalSection(ProjectConfigurationPlatforms) = postSolution
		{4F4E9DC8-704F-4376-827E-137B0078AD1B}.Debug|Any CPU.ActiveCfg = Debug|Any CPU
		{4F4E9DC8-704F-4376-827E-137B0078AD1B}.Debug|Any CPU.Build.0 = Debug|Any CPU
		{4F4E9DC8-704F-4376-827E-137B0078AD1B}.Release|Any CPU.ActiveCfg = Release|Any CPU
		{4F4E9DC8-704F-4376-827E-137B0078AD1B}.Release|Any CPU.Build.0 = Release|Any CPU
	EndGlobalSection
	GlobalSection(SolutionProperties) = preSolution
		HideSolutionNode = FALSE
	EndGlobalSection
	GlobalSection(ExtensibilityGlobals) = postSolution
		SolutionGuid = {B95E5768-5010-4B27-B547-B52887E90172}
	EndGlobalSection
EndGlobal
