
Microsoft Visual Studio Solution File, Format Version 12.00
# Visual Studio Version 16
VisualStudioVersion = 16.0.31005.135
MinimumVisualStudioVersion = 10.0.40219.1
Project("{FAE04EC0-301F-11D3-BF4B-00C04F79EFBC}") = "Project40-API-Dot-NET", "Project40-API-Dot-NET.csproj", "{CC5F80B6-D1CF-4DE3-BCB2-F24CF09DDBFD}"
EndProject
Global
	GlobalSection(SolutionConfigurationPlatforms) = preSolution
		Debug|Any CPU = Debug|Any CPU
		Release|Any CPU = Release|Any CPU
	EndGlobalSection
	GlobalSection(ProjectConfigurationPlatforms) = postSolution
		{CC5F80B6-D1CF-4DE3-BCB2-F24CF09DDBFD}.Debug|Any CPU.ActiveCfg = Debug|Any CPU
		{CC5F80B6-D1CF-4DE3-BCB2-F24CF09DDBFD}.Debug|Any CPU.Build.0 = Debug|Any CPU
		{CC5F80B6-D1CF-4DE3-BCB2-F24CF09DDBFD}.Release|Any CPU.ActiveCfg = Release|Any CPU
		{CC5F80B6-D1CF-4DE3-BCB2-F24CF09DDBFD}.Release|Any CPU.Build.0 = Release|Any CPU
	EndGlobalSection
	GlobalSection(SolutionProperties) = preSolution
		HideSolutionNode = FALSE
	EndGlobalSection
	GlobalSection(ExtensibilityGlobals) = postSolution
		SolutionGuid = {EB85A0D7-B81C-4D03-905E-D48694FEAAEA}
	EndGlobalSection
EndGlobal
